
Microsoft Visual Studio Solution File, Format Version 12.00
# Visual Studio Version 16
VisualStudioVersion = 16.0.31402.337
MinimumVisualStudioVersion = 10.0.40219.1
Project("{2150E333-8FDC-42A3-9474-1A3956D46DE8}") = "Application", "Application", "{ADA2F39A-3BB9-4239-8CFE-FD8DE02B9368}"
EndProject
Project("{2150E333-8FDC-42A3-9474-1A3956D46DE8}") = "Domain", "Domain", "{B8D71CF5-12A3-4874-9183-1672CF98C954}"
EndProject
Project("{2150E333-8FDC-42A3-9474-1A3956D46DE8}") = "Infrastructure", "Infrastructure", "{1AFDFC85-29C8-4A3C-AFD0-B7D8FAC8E7A1}"
EndProject
Project("{2150E333-8FDC-42A3-9474-1A3956D46DE8}") = "Services", "Services", "{70E845CD-0BA3-40FD-AA13-0F02DBA16C78}"
EndProject
Project("{9A19103F-16F7-4668-BE54-9A1E7A4F7556}") = "Password.Services-Api", "Password.Services-Api\Password.Services-Api.csproj", "{DAC1B14F-2F79-42DD-AB68-66920391162A}"
EndProject
Project("{2150E333-8FDC-42A3-9474-1A3956D46DE8}") = "Tests", "Tests", "{08D9C12E-37E9-478D-A3F0-8589D27BDA72}"
EndProject
Project("{FAE04EC0-301F-11D3-BF4B-00C04F79EFBC}") = "Password.Test.Unit", "Password.Test.Unit\Password.Test.Unit.csproj", "{B6E08D4C-FC58-4824-8F1C-7FD06A3E906D}"
EndProject
Project("{FAE04EC0-301F-11D3-BF4B-00C04F79EFBC}") = "Password.Infrastructure", "Password.Infrastructure\Password.Infrastructure.csproj", "{177CFF4C-2DFF-4841-BE77-7EEB539A27B4}"
EndProject
Project("{FAE04EC0-301F-11D3-BF4B-00C04F79EFBC}") = "Password.Domain.Services", "Password.Domain.Services\Password.Domain.Services.csproj", "{66871333-0D6A-4576-856E-3AB8051D97B8}"
EndProject
Project("{FAE04EC0-301F-11D3-BF4B-00C04F79EFBC}") = "Password.Domian.Core", "Password.Domian.Core\Password.Domian.Core.csproj", "{FFF3FA62-39F8-449E-937D-B166519ABB2C}"
EndProject
Project("{FAE04EC0-301F-11D3-BF4B-00C04F79EFBC}") = "Password.Domain", "Password.Domain\Password.Domain.csproj", "{2520FD52-0A7E-407D-BF83-A986BFDBF41B}"
EndProject
Project("{FAE04EC0-301F-11D3-BF4B-00C04F79EFBC}") = "Password.Application", "Password.Application\Password.Application.csproj", "{FF5E1912-FCA8-4934-ADBA-C4A9B7961D66}"
EndProject
Global
	GlobalSection(SolutionConfigurationPlatforms) = preSolution
		Debug|Any CPU = Debug|Any CPU
		Release|Any CPU = Release|Any CPU
	EndGlobalSection
	GlobalSection(ProjectConfigurationPlatforms) = postSolution
		{DAC1B14F-2F79-42DD-AB68-66920391162A}.Debug|Any CPU.ActiveCfg = Debug|Any CPU
		{DAC1B14F-2F79-42DD-AB68-66920391162A}.Debug|Any CPU.Build.0 = Debug|Any CPU
		{DAC1B14F-2F79-42DD-AB68-66920391162A}.Release|Any CPU.ActiveCfg = Release|Any CPU
		{DAC1B14F-2F79-42DD-AB68-66920391162A}.Release|Any CPU.Build.0 = Release|Any CPU
		{B6E08D4C-FC58-4824-8F1C-7FD06A3E906D}.Debug|Any CPU.ActiveCfg = Debug|Any CPU
		{B6E08D4C-FC58-4824-8F1C-7FD06A3E906D}.Debug|Any CPU.Build.0 = Debug|Any CPU
		{B6E08D4C-FC58-4824-8F1C-7FD06A3E906D}.Release|Any CPU.ActiveCfg = Release|Any CPU
		{B6E08D4C-FC58-4824-8F1C-7FD06A3E906D}.Release|Any CPU.Build.0 = Release|Any CPU
		{177CFF4C-2DFF-4841-BE77-7EEB539A27B4}.Debug|Any CPU.ActiveCfg = Debug|Any CPU
		{177CFF4C-2DFF-4841-BE77-7EEB539A27B4}.Debug|Any CPU.Build.0 = Debug|Any CPU
		{177CFF4C-2DFF-4841-BE77-7EEB539A27B4}.Release|Any CPU.ActiveCfg = Release|Any CPU
		{177CFF4C-2DFF-4841-BE77-7EEB539A27B4}.Release|Any CPU.Build.0 = Release|Any CPU
		{66871333-0D6A-4576-856E-3AB8051D97B8}.Debug|Any CPU.ActiveCfg = Debug|Any CPU
		{66871333-0D6A-4576-856E-3AB8051D97B8}.Debug|Any CPU.Build.0 = Debug|Any CPU
		{66871333-0D6A-4576-856E-3AB8051D97B8}.Release|Any CPU.ActiveCfg = Release|Any CPU
		{66871333-0D6A-4576-856E-3AB8051D97B8}.Release|Any CPU.Build.0 = Release|Any CPU
		{FFF3FA62-39F8-449E-937D-B166519ABB2C}.Debug|Any CPU.ActiveCfg = Debug|Any CPU
		{FFF3FA62-39F8-449E-937D-B166519ABB2C}.Debug|Any CPU.Build.0 = Debug|Any CPU
		{FFF3FA62-39F8-449E-937D-B166519ABB2C}.Release|Any CPU.ActiveCfg = Release|Any CPU
		{FFF3FA62-39F8-449E-937D-B166519ABB2C}.Release|Any CPU.Build.0 = Release|Any CPU
		{2520FD52-0A7E-407D-BF83-A986BFDBF41B}.Debug|Any CPU.ActiveCfg = Debug|Any CPU
		{2520FD52-0A7E-407D-BF83-A986BFDBF41B}.Debug|Any CPU.Build.0 = Debug|Any CPU
		{2520FD52-0A7E-407D-BF83-A986BFDBF41B}.Release|Any CPU.ActiveCfg = Release|Any CPU
		{2520FD52-0A7E-407D-BF83-A986BFDBF41B}.Release|Any CPU.Build.0 = Release|Any CPU
		{FF5E1912-FCA8-4934-ADBA-C4A9B7961D66}.Debug|Any CPU.ActiveCfg = Debug|Any CPU
		{FF5E1912-FCA8-4934-ADBA-C4A9B7961D66}.Debug|Any CPU.Build.0 = Debug|Any CPU
		{FF5E1912-FCA8-4934-ADBA-C4A9B7961D66}.Release|Any CPU.ActiveCfg = Release|Any CPU
		{FF5E1912-FCA8-4934-ADBA-C4A9B7961D66}.Release|Any CPU.Build.0 = Release|Any CPU
	EndGlobalSection
	GlobalSection(SolutionProperties) = preSolution
		HideSolutionNode = FALSE
	EndGlobalSection
	GlobalSection(NestedProjects) = preSolution
		{DAC1B14F-2F79-42DD-AB68-66920391162A} = {70E845CD-0BA3-40FD-AA13-0F02DBA16C78}
		{B6E08D4C-FC58-4824-8F1C-7FD06A3E906D} = {08D9C12E-37E9-478D-A3F0-8589D27BDA72}
		{177CFF4C-2DFF-4841-BE77-7EEB539A27B4} = {1AFDFC85-29C8-4A3C-AFD0-B7D8FAC8E7A1}
		{66871333-0D6A-4576-856E-3AB8051D97B8} = {B8D71CF5-12A3-4874-9183-1672CF98C954}
		{FFF3FA62-39F8-449E-937D-B166519ABB2C} = {B8D71CF5-12A3-4874-9183-1672CF98C954}
		{2520FD52-0A7E-407D-BF83-A986BFDBF41B} = {B8D71CF5-12A3-4874-9183-1672CF98C954}
		{FF5E1912-FCA8-4934-ADBA-C4A9B7961D66} = {ADA2F39A-3BB9-4239-8CFE-FD8DE02B9368}
	EndGlobalSection
	GlobalSection(ExtensibilityGlobals) = postSolution
		SolutionGuid = {44EFE544-1D67-4BDE-A544-90DA80F30C11}
	EndGlobalSection
EndGlobal
